
Microsoft Visual Studio Solution File, Format Version 12.00
# Visual Studio Version 17
VisualStudioVersion = 17.13.35919.96
MinimumVisualStudioVersion = 10.0.40219.1
Project("{FAE04EC0-301F-11D3-BF4B-00C04F79EFBC}") = "VideoCompressor", "VideoCompressor\VideoCompressor.csproj", "{B10287B1-09C9-46B7-9BBE-427124F7B6AA}"
EndProject
Global
	GlobalSection(SolutionConfigurationPlatforms) = preSolution
		Debug|Any CPU = Debug|Any CPU
		Release|Any CPU = Release|Any CPU
	EndGlobalSection
	GlobalSection(ProjectConfigurationPlatforms) = postSolution
		{B10287B1-09C9-46B7-9BBE-427124F7B6AA}.Debug|Any CPU.ActiveCfg = Debug|Any CPU
		{B10287B1-09C9-46B7-9BBE-427124F7B6AA}.Debug|Any CPU.Build.0 = Debug|Any CPU
		{B10287B1-09C9-46B7-9BBE-427124F7B6AA}.Release|Any CPU.ActiveCfg = Release|Any CPU
		{B10287B1-09C9-46B7-9BBE-427124F7B6AA}.Release|Any CPU.Build.0 = Release|Any CPU
	EndGlobalSection
	GlobalSection(SolutionProperties) = preSolution
		HideSolutionNode = FALSE
	EndGlobalSection
	GlobalSection(ExtensibilityGlobals) = postSolution
		SolutionGuid = {866E7BB5-7EDC-4951-A20C-761F501CB2D3}
	EndGlobalSection
EndGlobal
